<?xml version="1.0" encoding="utf-8"?>
<Project ToolsVersion="4.0" xmlns="http://schemas.microsoft.com/developer/msbuild/2003">
  <ItemGroup>
    <Filter Include="소스 파일">
      <UniqueIdentifier>{4FC737F1-C7A5-4376-A066-2A32D752A2FF}</UniqueIdentifier>
      <Extensions>cpp;c;cc;cxx;c++;cppm;ixx;def;odl;idl;hpj;bat;asm;asmx</Extensions>
    </Filter>
    <Filter Include="헤더 파일">
      <UniqueIdentifier>{93995380-89BD-4b04-88EB-625FBE52EBFB}</UniqueIdentifier>
      <Extensions>h;hh;hpp;hxx;h++;hm;inl;inc;ipp;xsd</Extensions>
    </Filter>
    <Filter Include="리소스 파일">
      <UniqueIdentifier>{67DA6AB6-F800-4c08-8B7A-83BB121AAD01}</UniqueIdentifier>
      <Extensions>rc;ico;cur;bmp;dlg;rc2;rct;bin;rgs;gif;jpg;jpeg;jpe;resx;tiff;tif;png;wav;mfcribbon-ms</Extensions>
    </Filter>
    <Filter Include="소스 파일\입출력과 사칙연산">
      <UniqueIdentifier>{8e881001-323a-4101-be45-b545433e010c}</UniqueIdentifier>
    </Filter>
    <Filter Include="소스 파일\조건문">
      <UniqueIdentifier>{f785c958-18c8-458c-9784-440a836024bf}</UniqueIdentifier>
    </Filter>
    <Filter Include="소스 파일\반복문">
      <UniqueIdentifier>{e30d02bc-1106-4ed7-b249-1b1e4e680b77}</UniqueIdentifier>
    </Filter>
    <Filter Include="소스 파일\1차원 배열">
      <UniqueIdentifier>{9512bf0d-7c4e-4e1b-a299-ddcf1b402188}</UniqueIdentifier>
    </Filter>
    <Filter Include="소스 파일\문자열">
      <UniqueIdentifier>{d65e959e-7bd4-4346-a570-f54917053854}</UniqueIdentifier>
    </Filter>
  </ItemGroup>
  <ItemGroup>
    <ClCompile Include="1000.C">
      <Filter>소스 파일\입출력과 사칙연산</Filter>
    </ClCompile>
    <ClCompile Include="1001.C">
      <Filter>소스 파일\입출력과 사칙연산</Filter>
    </ClCompile>
    <ClCompile Include="1008.C">
      <Filter>소스 파일\입출력과 사칙연산</Filter>
    </ClCompile>
    <ClCompile Include="2557.C">
      <Filter>소스 파일\입출력과 사칙연산</Filter>
    </ClCompile>
    <ClCompile Include="2588.C">
      <Filter>소스 파일\입출력과 사칙연산</Filter>
    </ClCompile>
    <ClCompile Include="10171.C">
      <Filter>소스 파일\입출력과 사칙연산</Filter>
    </ClCompile>
    <ClCompile Include="10172.C">
      <Filter>소스 파일\입출력과 사칙연산</Filter>
    </ClCompile>
    <ClCompile Include="10430.C">
      <Filter>소스 파일\입출력과 사칙연산</Filter>
    </ClCompile>
    <ClCompile Include="10869.C">
      <Filter>소스 파일\입출력과 사칙연산</Filter>
    </ClCompile>
    <ClCompile Include="10926.C">
      <Filter>소스 파일\입출력과 사칙연산</Filter>
    </ClCompile>
    <ClCompile Include="10998.C">
      <Filter>소스 파일\입출력과 사칙연산</Filter>
    </ClCompile>
    <ClCompile Include="11382.C">
      <Filter>소스 파일\입출력과 사칙연산</Filter>
    </ClCompile>
    <ClCompile Include="18108.C">
      <Filter>소스 파일\입출력과 사칙연산</Filter>
    </ClCompile>
    <ClCompile Include="1330.C">
      <Filter>소스 파일\조건문</Filter>
    </ClCompile>
    <ClCompile Include="9498.C">
      <Filter>소스 파일\조건문</Filter>
    </ClCompile>
    <ClCompile Include="2753.C">
      <Filter>소스 파일\조건문</Filter>
    </ClCompile>
    <ClCompile Include="14681.C">
      <Filter>소스 파일\조건문</Filter>
    </ClCompile>
    <ClCompile Include="2884.C">
      <Filter>소스 파일\조건문</Filter>
    </ClCompile>
    <ClCompile Include="2525.C">
      <Filter>소스 파일\조건문</Filter>
    </ClCompile>
    <ClCompile Include="2480.C">
      <Filter>소스 파일\조건문</Filter>
    </ClCompile>
    <ClCompile Include="2739.C">
      <Filter>소스 파일\반복문</Filter>
    </ClCompile>
    <ClCompile Include="10950.C">
      <Filter>소스 파일\반복문</Filter>
    </ClCompile>
    <ClCompile Include="8393.C">
      <Filter>소스 파일\반복문</Filter>
    </ClCompile>
    <ClCompile Include="25304.C">
      <Filter>소스 파일\반복문</Filter>
    </ClCompile>
    <ClCompile Include="25314.C">
      <Filter>소스 파일\반복문</Filter>
    </ClCompile>
    <ClCompile Include="15552.C">
      <Filter>소스 파일\반복문</Filter>
    </ClCompile>
    <ClCompile Include="11021.C">
      <Filter>소스 파일\반복문</Filter>
    </ClCompile>
    <ClCompile Include="11022.C">
      <Filter>소스 파일\반복문</Filter>
    </ClCompile>
    <ClCompile Include="2438.C">
      <Filter>소스 파일\반복문</Filter>
    </ClCompile>
    <ClCompile Include="2439.C">
      <Filter>소스 파일\반복문</Filter>
    </ClCompile>
    <ClCompile Include="10952.C">
      <Filter>소스 파일\반복문</Filter>
    </ClCompile>
    <ClCompile Include="10951.C">
      <Filter>소스 파일\반복문</Filter>
    </ClCompile>
    <ClCompile Include="10807.C">
      <Filter>소스 파일\1차원 배열</Filter>
    </ClCompile>
    <ClCompile Include="10871.C">
      <Filter>소스 파일\1차원 배열</Filter>
    </ClCompile>
    <ClCompile Include="10818.C">
      <Filter>소스 파일\1차원 배열</Filter>
    </ClCompile>
    <ClCompile Include="2562.C">
      <Filter>소스 파일\1차원 배열</Filter>
    </ClCompile>
    <ClCompile Include="10810.C">
      <Filter>소스 파일\1차원 배열</Filter>
    </ClCompile>
    <ClCompile Include="10813.C">
      <Filter>소스 파일\1차원 배열</Filter>
    </ClCompile>
    <ClCompile Include="5597.C">
      <Filter>소스 파일\1차원 배열</Filter>
    </ClCompile>
    <ClCompile Include="3052.C">
      <Filter>소스 파일\1차원 배열</Filter>
    </ClCompile>
    <ClCompile Include="10811.C">
      <Filter>소스 파일\1차원 배열</Filter>
    </ClCompile>
    <ClCompile Include="1546.C">
      <Filter>소스 파일\1차원 배열</Filter>
    </ClCompile>
    <ClCompile Include="27866.C">
      <Filter>소스 파일\문자열</Filter>
    </ClCompile>
    <ClCompile Include="2743.C">
      <Filter>소스 파일\문자열</Filter>
    </ClCompile>
    <ClCompile Include="9086.C">
      <Filter>소스 파일\문자열</Filter>
    </ClCompile>
    <ClCompile Include="11654.C">
      <Filter>소스 파일\문자열</Filter>
    </ClCompile>
    <ClCompile Include="11720.C">
      <Filter>소스 파일\문자열</Filter>
    </ClCompile>
    <ClCompile Include="10809.C">
      <Filter>소스 파일\문자열</Filter>
    </ClCompile>
    <ClCompile Include="2675.C">
      <Filter>소스 파일\문자열</Filter>
    </ClCompile>
    <ClCompile Include="1152.C">
      <Filter>소스 파일\문자열</Filter>
    </ClCompile>
    <ClCompile Include="2908.C">
      <Filter>소스 파일\문자열</Filter>
    </ClCompile>
    <ClCompile Include="5622.C">
      <Filter>소스 파일\문자열</Filter>
    </ClCompile>
    <ClCompile Include="11718.C">
      <Filter>소스 파일\문자열</Filter>
    </ClCompile>
  </ItemGroup>
</Project>