<?xml version="1.0" encoding="utf-8"?>
<Project ToolsVersion="4.0" xmlns="http://schemas.microsoft.com/developer/msbuild/2003">
  <ItemGroup>
    <Filter Include="소스 파일">
      <UniqueIdentifier>{4FC737F1-C7A5-4376-A066-2A32D752A2FF}</UniqueIdentifier>
      <Extensions>cpp;c;cc;cxx;c++;cppm;ixx;def;odl;idl;hpj;bat;asm;asmx</Extensions>
    </Filter>
    <Filter Include="헤더 파일">
      <UniqueIdentifier>{93995380-89BD-4b04-88EB-625FBE52EBFB}</UniqueIdentifier>
      <Extensions>h;hh;hpp;hxx;h++;hm;inl;inc;ipp;xsd</Extensions>
    </Filter>
    <Filter Include="리소스 파일">
      <UniqueIdentifier>{67DA6AB6-F800-4c08-8B7A-83BB121AAD01}</UniqueIdentifier>
      <Extensions>rc;ico;cur;bmp;dlg;rc2;rct;bin;rgs;gif;jpg;jpeg;jpe;resx;tiff;tif;png;wav;mfcribbon-ms</Extensions>
    </Filter>
    <Filter Include="소스 파일\입출력과 사칙연산">
      <UniqueIdentifier>{8e881001-323a-4101-be45-b545433e010c}</UniqueIdentifier>
    </Filter>
    <Filter Include="소스 파일\조건문">
      <UniqueIdentifier>{f785c958-18c8-458c-9784-440a836024bf}</UniqueIdentifier>
    </Filter>
    <Filter Include="소스 파일\반복문">
      <UniqueIdentifier>{e30d02bc-1106-4ed7-b249-1b1e4e680b77}</UniqueIdentifier>
    </Filter>
    <Filter Include="소스 파일\1차원 배열">
      <UniqueIdentifier>{9512bf0d-7c4e-4e1b-a299-ddcf1b402188}</UniqueIdentifier>
    </Filter>
    <Filter Include="소스 파일\문자열">
      <UniqueIdentifier>{d65e959e-7bd4-4346-a570-f54917053854}</UniqueIdentifier>
    </Filter>
    <Filter Include="소스 파일\심화 1">
      <UniqueIdentifier>{054dc666-2899-4916-a0d0-9b1698845fb3}</UniqueIdentifier>
    </Filter>
    <Filter Include="소스 파일\2차원 배열">
      <UniqueIdentifier>{390a816f-9cdc-45c2-a778-0967626e2c2b}</UniqueIdentifier>
    </Filter>
    <Filter Include="소스 파일\일반 수학 1">
      <UniqueIdentifier>{c1748df7-56f4-42b6-b2ac-79421ef60ac4}</UniqueIdentifier>
    </Filter>
    <Filter Include="소스 파일\약수, 배수와 소수">
      <UniqueIdentifier>{fb1f0802-7beb-4e10-824d-87474b1c1eba}</UniqueIdentifier>
    </Filter>
    <Filter Include="소스 파일\기하: 직사각형과 삼각형">
      <UniqueIdentifier>{dfe8dd4e-bea5-4b00-a841-ce90edabbda0}</UniqueIdentifier>
    </Filter>
    <Filter Include="소스 파일\Silver V">
      <UniqueIdentifier>{6d095227-8f67-453e-b97c-0532cb26a747}</UniqueIdentifier>
    </Filter>
    <Filter Include="소스 파일\Silver IV">
      <UniqueIdentifier>{3f4529d9-4773-45a8-b258-d71c692caa3b}</UniqueIdentifier>
    </Filter>
    <Filter Include="소스 파일\Silver III">
      <UniqueIdentifier>{560dd0a5-60b0-4c76-b335-504de29bdede}</UniqueIdentifier>
    </Filter>
    <Filter Include="소스 파일\Silver II">
      <UniqueIdentifier>{e0d8776a-e5aa-42b2-a66d-baa0b3123e0c}</UniqueIdentifier>
    </Filter>
    <Filter Include="소스 파일\Silver I">
      <UniqueIdentifier>{b9289a43-9e1f-4f4e-98c3-45027594a9ff}</UniqueIdentifier>
    </Filter>
    <Filter Include="소스 파일\Gold V">
      <UniqueIdentifier>{28ea60d2-fdba-490b-a98b-01d3e072b108}</UniqueIdentifier>
    </Filter>
    <Filter Include="소스 파일\Gold III">
      <UniqueIdentifier>{142af83e-2eb7-4e39-ad8c-c476a05040be}</UniqueIdentifier>
    </Filter>
  </ItemGroup>
  <ItemGroup>
    <ClCompile Include="1000.C">
      <Filter>소스 파일\입출력과 사칙연산</Filter>
    </ClCompile>
    <ClCompile Include="1001.C">
      <Filter>소스 파일\입출력과 사칙연산</Filter>
    </ClCompile>
    <ClCompile Include="1008.C">
      <Filter>소스 파일\입출력과 사칙연산</Filter>
    </ClCompile>
    <ClCompile Include="2557.C">
      <Filter>소스 파일\입출력과 사칙연산</Filter>
    </ClCompile>
    <ClCompile Include="2588.C">
      <Filter>소스 파일\입출력과 사칙연산</Filter>
    </ClCompile>
    <ClCompile Include="10171.C">
      <Filter>소스 파일\입출력과 사칙연산</Filter>
    </ClCompile>
    <ClCompile Include="10172.C">
      <Filter>소스 파일\입출력과 사칙연산</Filter>
    </ClCompile>
    <ClCompile Include="10430.C">
      <Filter>소스 파일\입출력과 사칙연산</Filter>
    </ClCompile>
    <ClCompile Include="10869.C">
      <Filter>소스 파일\입출력과 사칙연산</Filter>
    </ClCompile>
    <ClCompile Include="10926.C">
      <Filter>소스 파일\입출력과 사칙연산</Filter>
    </ClCompile>
    <ClCompile Include="10998.C">
      <Filter>소스 파일\입출력과 사칙연산</Filter>
    </ClCompile>
    <ClCompile Include="11382.C">
      <Filter>소스 파일\입출력과 사칙연산</Filter>
    </ClCompile>
    <ClCompile Include="18108.C">
      <Filter>소스 파일\입출력과 사칙연산</Filter>
    </ClCompile>
    <ClCompile Include="1330.C">
      <Filter>소스 파일\조건문</Filter>
    </ClCompile>
    <ClCompile Include="9498.C">
      <Filter>소스 파일\조건문</Filter>
    </ClCompile>
    <ClCompile Include="2753.C">
      <Filter>소스 파일\조건문</Filter>
    </ClCompile>
    <ClCompile Include="14681.C">
      <Filter>소스 파일\조건문</Filter>
    </ClCompile>
    <ClCompile Include="2884.C">
      <Filter>소스 파일\조건문</Filter>
    </ClCompile>
    <ClCompile Include="2525.C">
      <Filter>소스 파일\조건문</Filter>
    </ClCompile>
    <ClCompile Include="2480.C">
      <Filter>소스 파일\조건문</Filter>
    </ClCompile>
    <ClCompile Include="2739.C">
      <Filter>소스 파일\반복문</Filter>
    </ClCompile>
    <ClCompile Include="10950.C">
      <Filter>소스 파일\반복문</Filter>
    </ClCompile>
    <ClCompile Include="8393.C">
      <Filter>소스 파일\반복문</Filter>
    </ClCompile>
    <ClCompile Include="25304.C">
      <Filter>소스 파일\반복문</Filter>
    </ClCompile>
    <ClCompile Include="25314.C">
      <Filter>소스 파일\반복문</Filter>
    </ClCompile>
    <ClCompile Include="15552.C">
      <Filter>소스 파일\반복문</Filter>
    </ClCompile>
    <ClCompile Include="11021.C">
      <Filter>소스 파일\반복문</Filter>
    </ClCompile>
    <ClCompile Include="11022.C">
      <Filter>소스 파일\반복문</Filter>
    </ClCompile>
    <ClCompile Include="2438.C">
      <Filter>소스 파일\반복문</Filter>
    </ClCompile>
    <ClCompile Include="2439.C">
      <Filter>소스 파일\반복문</Filter>
    </ClCompile>
    <ClCompile Include="10952.C">
      <Filter>소스 파일\반복문</Filter>
    </ClCompile>
    <ClCompile Include="10951.C">
      <Filter>소스 파일\반복문</Filter>
    </ClCompile>
    <ClCompile Include="10807.C">
      <Filter>소스 파일\1차원 배열</Filter>
    </ClCompile>
    <ClCompile Include="10871.C">
      <Filter>소스 파일\1차원 배열</Filter>
    </ClCompile>
    <ClCompile Include="10818.C">
      <Filter>소스 파일\1차원 배열</Filter>
    </ClCompile>
    <ClCompile Include="2562.C">
      <Filter>소스 파일\1차원 배열</Filter>
    </ClCompile>
    <ClCompile Include="10810.C">
      <Filter>소스 파일\1차원 배열</Filter>
    </ClCompile>
    <ClCompile Include="10813.C">
      <Filter>소스 파일\1차원 배열</Filter>
    </ClCompile>
    <ClCompile Include="5597.C">
      <Filter>소스 파일\1차원 배열</Filter>
    </ClCompile>
    <ClCompile Include="3052.C">
      <Filter>소스 파일\1차원 배열</Filter>
    </ClCompile>
    <ClCompile Include="10811.C">
      <Filter>소스 파일\1차원 배열</Filter>
    </ClCompile>
    <ClCompile Include="1546.C">
      <Filter>소스 파일\1차원 배열</Filter>
    </ClCompile>
    <ClCompile Include="27866.C">
      <Filter>소스 파일\문자열</Filter>
    </ClCompile>
    <ClCompile Include="2743.C">
      <Filter>소스 파일\문자열</Filter>
    </ClCompile>
    <ClCompile Include="9086.C">
      <Filter>소스 파일\문자열</Filter>
    </ClCompile>
    <ClCompile Include="11654.C">
      <Filter>소스 파일\문자열</Filter>
    </ClCompile>
    <ClCompile Include="11720.C">
      <Filter>소스 파일\문자열</Filter>
    </ClCompile>
    <ClCompile Include="10809.C">
      <Filter>소스 파일\문자열</Filter>
    </ClCompile>
    <ClCompile Include="2675.C">
      <Filter>소스 파일\문자열</Filter>
    </ClCompile>
    <ClCompile Include="1152.C">
      <Filter>소스 파일\문자열</Filter>
    </ClCompile>
    <ClCompile Include="2908.C">
      <Filter>소스 파일\문자열</Filter>
    </ClCompile>
    <ClCompile Include="5622.C">
      <Filter>소스 파일\문자열</Filter>
    </ClCompile>
    <ClCompile Include="11718.C">
      <Filter>소스 파일\문자열</Filter>
    </ClCompile>
    <ClCompile Include="25083.C">
      <Filter>소스 파일\심화 1</Filter>
    </ClCompile>
    <ClCompile Include="3003.C">
      <Filter>소스 파일\심화 1</Filter>
    </ClCompile>
    <ClCompile Include="2444.C">
      <Filter>소스 파일\심화 1</Filter>
    </ClCompile>
    <ClCompile Include="10988.C">
      <Filter>소스 파일\심화 1</Filter>
    </ClCompile>
    <ClCompile Include="1157.C">
      <Filter>소스 파일\심화 1</Filter>
    </ClCompile>
    <ClCompile Include="2941.C">
      <Filter>소스 파일\심화 1</Filter>
    </ClCompile>
    <ClCompile Include="1316.C">
      <Filter>소스 파일\심화 1</Filter>
    </ClCompile>
    <ClCompile Include="25206.C">
      <Filter>소스 파일\심화 1</Filter>
    </ClCompile>
    <ClCompile Include="2738.C">
      <Filter>소스 파일\2차원 배열</Filter>
    </ClCompile>
    <ClCompile Include="2566.C">
      <Filter>소스 파일\2차원 배열</Filter>
    </ClCompile>
    <ClCompile Include="10798.C">
      <Filter>소스 파일\2차원 배열</Filter>
    </ClCompile>
    <ClCompile Include="2563.C">
      <Filter>소스 파일\2차원 배열</Filter>
    </ClCompile>
    <ClCompile Include="2745.C">
      <Filter>소스 파일\일반 수학 1</Filter>
    </ClCompile>
    <ClCompile Include="11005.C">
      <Filter>소스 파일\일반 수학 1</Filter>
    </ClCompile>
    <ClCompile Include="2720.C">
      <Filter>소스 파일\일반 수학 1</Filter>
    </ClCompile>
    <ClCompile Include="2903.C">
      <Filter>소스 파일\일반 수학 1</Filter>
    </ClCompile>
    <ClCompile Include="2292.C">
      <Filter>소스 파일\일반 수학 1</Filter>
    </ClCompile>
    <ClCompile Include="1193.C">
      <Filter>소스 파일\일반 수학 1</Filter>
    </ClCompile>
    <ClCompile Include="2869.C">
      <Filter>소스 파일\일반 수학 1</Filter>
    </ClCompile>
    <ClCompile Include="5086.C">
      <Filter>소스 파일\약수, 배수와 소수</Filter>
    </ClCompile>
    <ClCompile Include="2501.C">
      <Filter>소스 파일\약수, 배수와 소수</Filter>
    </ClCompile>
    <ClCompile Include="9506.C">
      <Filter>소스 파일\약수, 배수와 소수</Filter>
    </ClCompile>
    <ClCompile Include="1978.C">
      <Filter>소스 파일\약수, 배수와 소수</Filter>
    </ClCompile>
    <ClCompile Include="2581.C">
      <Filter>소스 파일\약수, 배수와 소수</Filter>
    </ClCompile>
    <ClCompile Include="11653.C">
      <Filter>소스 파일\약수, 배수와 소수</Filter>
    </ClCompile>
    <ClCompile Include="27323.C">
      <Filter>소스 파일\기하: 직사각형과 삼각형</Filter>
    </ClCompile>
    <ClCompile Include="1085.C">
      <Filter>소스 파일\기하: 직사각형과 삼각형</Filter>
    </ClCompile>
    <ClCompile Include="3009.C">
      <Filter>소스 파일\기하: 직사각형과 삼각형</Filter>
    </ClCompile>
    <ClCompile Include="15894.C">
      <Filter>소스 파일\기하: 직사각형과 삼각형</Filter>
    </ClCompile>
    <ClCompile Include="9063.C">
      <Filter>소스 파일\기하: 직사각형과 삼각형</Filter>
    </ClCompile>
    <ClCompile Include="4673.C">
      <Filter>소스 파일\Silver V</Filter>
    </ClCompile>
    <ClCompile Include="2751.C">
      <Filter>소스 파일\Silver V</Filter>
    </ClCompile>
    <ClCompile Include="1181.C">
      <Filter>소스 파일\Silver V</Filter>
    </ClCompile>
    <ClCompile Include="11651.C">
      <Filter>소스 파일\Silver V</Filter>
    </ClCompile>
    <ClCompile Include="1094.C">
      <Filter>소스 파일\Silver V</Filter>
    </ClCompile>
    <ClCompile Include="9655.C">
      <Filter>소스 파일\Silver V</Filter>
    </ClCompile>
    <ClCompile Include="2669.C">
      <Filter>소스 파일\Silver V</Filter>
    </ClCompile>
    <ClCompile Include="1026.C">
      <Filter>소스 파일\Silver IV</Filter>
    </ClCompile>
    <ClCompile Include="11399.C">
      <Filter>소스 파일\Silver IV</Filter>
    </ClCompile>
    <ClCompile Include="11047.C">
      <Filter>소스 파일\Silver IV</Filter>
    </ClCompile>
    <ClCompile Include="3036.C">
      <Filter>소스 파일\Silver IV</Filter>
    </ClCompile>
    <ClCompile Include="10773.C">
      <Filter>소스 파일\Silver IV</Filter>
    </ClCompile>
    <ClCompile Include="1966.C">
      <Filter>소스 파일\Silver III</Filter>
    </ClCompile>
    <ClCompile Include="2606.C">
      <Filter>소스 파일\Silver III</Filter>
    </ClCompile>
    <ClCompile Include="15649.C">
      <Filter>소스 파일\Silver III</Filter>
    </ClCompile>
    <ClCompile Include="15650.C">
      <Filter>소스 파일\Silver III</Filter>
    </ClCompile>
    <ClCompile Include="15651.C">
      <Filter>소스 파일\Silver III</Filter>
    </ClCompile>
    <ClCompile Include="15652.C">
      <Filter>소스 파일\Silver III</Filter>
    </ClCompile>
    <ClCompile Include="15654.C">
      <Filter>소스 파일\Silver III</Filter>
    </ClCompile>
    <ClCompile Include="15655.C">
      <Filter>소스 파일\Silver III</Filter>
    </ClCompile>
    <ClCompile Include="15656.C">
      <Filter>소스 파일\Silver III</Filter>
    </ClCompile>
    <ClCompile Include="15657.C">
      <Filter>소스 파일\Silver III</Filter>
    </ClCompile>
    <ClCompile Include="1541.C">
      <Filter>소스 파일\Silver II</Filter>
    </ClCompile>
    <ClCompile Include="1260.C">
      <Filter>소스 파일\Silver II</Filter>
    </ClCompile>
    <ClCompile Include="1012.c">
      <Filter>소스 파일\Silver II</Filter>
    </ClCompile>
    <ClCompile Include="2178.C">
      <Filter>소스 파일\Silver I</Filter>
    </ClCompile>
    <ClCompile Include="7576.C">
      <Filter>소스 파일\Gold V</Filter>
    </ClCompile>
    <ClCompile Include="2467.C">
      <Filter>소스 파일\Gold V</Filter>
    </ClCompile>
    <ClCompile Include="2473.C">
      <Filter>소스 파일\Gold III</Filter>
    </ClCompile>
    <ClCompile Include="2166.C">
      <Filter>소스 파일\Gold V</Filter>
    </ClCompile>
  </ItemGroup>
</Project>